
Microsoft Visual Studio Solution File, Format Version 12.00
# Visual Studio Version 16
VisualStudioVersion = 16.0.29503.13
MinimumVisualStudioVersion = 10.0.40219.1
Project("{9A19103F-16F7-4668-BE54-9A1E7A4F7556}") = "PasswordManager", "PasswordManager\PasswordManager.csproj", "{BB283EE8-361C-4BEB-A0CF-1D33139BB0E0}"
EndProject
Project("{2150E333-8FDC-42A3-9474-1A3956D46DE8}") = "Solution Items", "Solution Items", "{E0B51358-B4E1-4161-98FE-32FC67DF1BB0}"
	ProjectSection(SolutionItems) = preProject
		README.md = README.md
	EndProjectSection
EndProject
Global
	GlobalSection(SolutionConfigurationPlatforms) = preSolution
		Debug|Any CPU = Debug|Any CPU
		Release|Any CPU = Release|Any CPU
	EndGlobalSection
	GlobalSection(ProjectConfigurationPlatforms) = postSolution
		{BB283EE8-361C-4BEB-A0CF-1D33139BB0E0}.Debug|Any CPU.ActiveCfg = Debug|Any CPU
		{BB283EE8-361C-4BEB-A0CF-1D33139BB0E0}.Debug|Any CPU.Build.0 = Debug|Any CPU
		{BB283EE8-361C-4BEB-A0CF-1D33139BB0E0}.Release|Any CPU.ActiveCfg = Release|Any CPU
		{BB283EE8-361C-4BEB-A0CF-1D33139BB0E0}.Release|Any CPU.Build.0 = Release|Any CPU
	EndGlobalSection
	GlobalSection(SolutionProperties) = preSolution
		HideSolutionNode = FALSE
	EndGlobalSection
	GlobalSection(ExtensibilityGlobals) = postSolution
		SolutionGuid = {0AE33AC5-C579-45A2-8F58-5E55F08C8036}
	EndGlobalSection
EndGlobal
